
Microsoft Visual Studio Solution File, Format Version 12.00
# Visual Studio Version 16
VisualStudioVersion = 16.0.31613.86
MinimumVisualStudioVersion = 10.0.40219.1
Project("{FAE04EC0-301F-11D3-BF4B-00C04F79EFBC}") = "ChallengeOne_Console", "ChallengeOne_Console.csproj", "{8F31ED09-69FA-4318-8FA0-A2D801D3B396}"
EndProject
Project("{FAE04EC0-301F-11D3-BF4B-00C04F79EFBC}") = "ChallengeOne_UnitTests", "..\ChallengeOne_UnitTests\ChallengeOne_UnitTests.csproj", "{06BC47FC-4072-4C3D-A661-BEAAAACBAD57}"
EndProject
Project("{FAE04EC0-301F-11D3-BF4B-00C04F79EFBC}") = "ChallengeOne_Repository", "..\ChallengeOne_Repository\ChallengeOne_Repository.csproj", "{80A2820B-0763-4172-8848-D5B75D8F11BE}"
EndProject
Global
	GlobalSection(SolutionConfigurationPlatforms) = preSolution
		Debug|Any CPU = Debug|Any CPU
		Release|Any CPU = Release|Any CPU
	EndGlobalSection
	GlobalSection(ProjectConfigurationPlatforms) = postSolution
		{8F31ED09-69FA-4318-8FA0-A2D801D3B396}.Debug|Any CPU.ActiveCfg = Debug|Any CPU
		{8F31ED09-69FA-4318-8FA0-A2D801D3B396}.Debug|Any CPU.Build.0 = Debug|Any CPU
		{8F31ED09-69FA-4318-8FA0-A2D801D3B396}.Release|Any CPU.ActiveCfg = Release|Any CPU
		{8F31ED09-69FA-4318-8FA0-A2D801D3B396}.Release|Any CPU.Build.0 = Release|Any CPU
		{06BC47FC-4072-4C3D-A661-BEAAAACBAD57}.Debug|Any CPU.ActiveCfg = Debug|Any CPU
		{06BC47FC-4072-4C3D-A661-BEAAAACBAD57}.Debug|Any CPU.Build.0 = Debug|Any CPU
		{06BC47FC-4072-4C3D-A661-BEAAAACBAD57}.Release|Any CPU.ActiveCfg = Release|Any CPU
		{06BC47FC-4072-4C3D-A661-BEAAAACBAD57}.Release|Any CPU.Build.0 = Release|Any CPU
		{80A2820B-0763-4172-8848-D5B75D8F11BE}.Debug|Any CPU.ActiveCfg = Debug|Any CPU
		{80A2820B-0763-4172-8848-D5B75D8F11BE}.Debug|Any CPU.Build.0 = Debug|Any CPU
		{80A2820B-0763-4172-8848-D5B75D8F11BE}.Release|Any CPU.ActiveCfg = Release|Any CPU
		{80A2820B-0763-4172-8848-D5B75D8F11BE}.Release|Any CPU.Build.0 = Release|Any CPU
	EndGlobalSection
	GlobalSection(SolutionProperties) = preSolution
		HideSolutionNode = FALSE
	EndGlobalSection
	GlobalSection(ExtensibilityGlobals) = postSolution
		SolutionGuid = {DF47BDC6-DFCD-4E07-849B-54366721EF83}
	EndGlobalSection
EndGlobal
